// !$*UTF8*$!
{
	archiveVersion = 1;
	classes = {
	};
	objectVersion = 50;
	objects = {

/* Begin PBXBuildFile section */
		4C103AEB2435F501004FCBC3 /* GyroData.swift in Sources */ = {isa = PBXBuildFile; fileRef = 4C103AEA2435F501004FCBC3 /* GyroData.swift */; };
		4C103AED2435F52E004FCBC3 /* MagnetometerData.swift in Sources */ = {isa = PBXBuildFile; fileRef = 4C103AEC2435F52E004FCBC3 /* MagnetometerData.swift */; };
		4C103AEF243606B1004FCBC3 /* DeviceMotion.swift in Sources */ = {isa = PBXBuildFile; fileRef = 4C103AEE243606B1004FCBC3 /* DeviceMotion.swift */; };
		4C32B1272434DB8500A4120F /* ItemRow.swift in Sources */ = {isa = PBXBuildFile; fileRef = 4C32B1262434DB8500A4120F /* ItemRow.swift */; };
		4C32B12B2434F2D500A4120F /* CMLogItem+Date.swift in Sources */ = {isa = PBXBuildFile; fileRef = 4C32B12A2434F2D500A4120F /* CMLogItem+Date.swift */; };
		4C7979AF243E06B200B8460D /* LineChart.swift in Sources */ = {isa = PBXBuildFile; fileRef = 4C7979AE243E06B200B8460D /* LineChart.swift */; };
		4C7979B3243ED33200B8460D /* SampleDetailView.swift in Sources */ = {isa = PBXBuildFile; fileRef = 4C7979B2243ED33200B8460D /* SampleDetailView.swift */; };
		4C8EE925247CF55B00E4E2CE /* Preview Images in Resources */ = {isa = PBXBuildFile; fileRef = 4C8EE924247CF55B00E4E2CE /* Preview Images */; };
		4CA9C45B243626ED006E8F3B /* SampleRow.swift in Sources */ = {isa = PBXBuildFile; fileRef = 4CA9C45A243626ED006E8F3B /* SampleRow.swift */; };
		4CA9C45D24362A64006E8F3B /* MotionDataSample+PreviewSamples.swift in Sources */ = {isa = PBXBuildFile; fileRef = 4CA9C45C24362A64006E8F3B /* MotionDataSample+PreviewSamples.swift */; };
		4CB205C724376A8A0065C6E3 /* ShareSampleActivityView.swift in Sources */ = {isa = PBXBuildFile; fileRef = 4CB205C624376A8A0065C6E3 /* ShareSampleActivityView.swift */; };
		4CB205C924376CDF0065C6E3 /* FileManager+.swift in Sources */ = {isa = PBXBuildFile; fileRef = 4CB205C824376CDF0065C6E3 /* FileManager+.swift */; };
		4CC980372430767400B36A7F /* AppDelegate.swift in Sources */ = {isa = PBXBuildFile; fileRef = 4CC980362430767400B36A7F /* AppDelegate.swift */; };
		4CC980392430767400B36A7F /* SceneDelegate.swift in Sources */ = {isa = PBXBuildFile; fileRef = 4CC980382430767400B36A7F /* SceneDelegate.swift */; };
		4CC9803D2430767600B36A7F /* Assets.xcassets in Resources */ = {isa = PBXBuildFile; fileRef = 4CC9803C2430767600B36A7F /* Assets.xcassets */; };
		4CC980402430767600B36A7F /* Preview Assets.xcassets in Resources */ = {isa = PBXBuildFile; fileRef = 4CC9803F2430767600B36A7F /* Preview Assets.xcassets */; };
		4CC980432430767600B36A7F /* LaunchScreen.storyboard in Resources */ = {isa = PBXBuildFile; fileRef = 4CC980412430767600B36A7F /* LaunchScreen.storyboard */; };
		4CC9804E2430767700B36A7F /* MotifTests.swift in Sources */ = {isa = PBXBuildFile; fileRef = 4CC9804D2430767700B36A7F /* MotifTests.swift */; };
		4CC980592430767700B36A7F /* MotifUITests.swift in Sources */ = {isa = PBXBuildFile; fileRef = 4CC980582430767700B36A7F /* MotifUITests.swift */; };
		4CC980682430782700B36A7F /* Home.swift in Sources */ = {isa = PBXBuildFile; fileRef = 4CC980672430782700B36A7F /* Home.swift */; };
		4CC9806A2430C87500B36A7F /* RecorderView.swift in Sources */ = {isa = PBXBuildFile; fileRef = 4CC980692430C87500B36A7F /* RecorderView.swift */; };
		4CC9806C2430E30A00B36A7F /* SampleListView.swift in Sources */ = {isa = PBXBuildFile; fileRef = 4CC9806B2430E30A00B36A7F /* SampleListView.swift */; };
		4CCFB668243222EE00E90C80 /* CSVContainer.swift in Sources */ = {isa = PBXBuildFile; fileRef = 4CCFB667243222EE00E90C80 /* CSVContainer.swift */; };
		4CD2793A2435CC0A0037E529 /* MotionDataSample.swift in Sources */ = {isa = PBXBuildFile; fileRef = 4CD279392435CC0A0037E529 /* MotionDataSample.swift */; };
		4CD2793C2435CF210037E529 /* UIDevice+Model.swift in Sources */ = {isa = PBXBuildFile; fileRef = 4CD2793B2435CF210037E529 /* UIDevice+Model.swift */; };
		4CD2793E2435F34D0037E529 /* AccelerometerData.swift in Sources */ = {isa = PBXBuildFile; fileRef = 4CD2793D2435F34D0037E529 /* AccelerometerData.swift */; };
		4CD57F0F2434B8C50007C963 /* Recorder.swift in Sources */ = {isa = PBXBuildFile; fileRef = 4CD57F0E2434B8C50007C963 /* Recorder.swift */; };
		4CE0CBB12434D4DA00494CD8 /* MotionDataEntry.swift in Sources */ = {isa = PBXBuildFile; fileRef = 4CE0CBB02434D4DA00494CD8 /* MotionDataEntry.swift */; };
/* End PBXBuildFile section */

/* Begin PBXContainerItemProxy section */
		4CC9804A2430767700B36A7F /* PBXContainerItemProxy */ = {
			isa = PBXContainerItemProxy;
			containerPortal = 4CC9802B2430767400B36A7F /* Project object */;
			proxyType = 1;
			remoteGlobalIDString = 4CC980322430767400B36A7F;
			remoteInfo = Motif;
		};
		4CC980552430767700B36A7F /* PBXContainerItemProxy */ = {
			isa = PBXContainerItemProxy;
			containerPortal = 4CC9802B2430767400B36A7F /* Project object */;
			proxyType = 1;
			remoteGlobalIDString = 4CC980322430767400B36A7F;
			remoteInfo = Motif;
		};
/* End PBXContainerItemProxy section */

/* Begin PBXFileReference section */
		4C103AEA2435F501004FCBC3 /* GyroData.swift */ = {isa = PBXFileReference; lastKnownFileType = sourcecode.swift; path = GyroData.swift; sourceTree = "<group>"; };
		4C103AEC2435F52E004FCBC3 /* MagnetometerData.swift */ = {isa = PBXFileReference; lastKnownFileType = sourcecode.swift; path = MagnetometerData.swift; sourceTree = "<group>"; };
		4C103AEE243606B1004FCBC3 /* DeviceMotion.swift */ = {isa = PBXFileReference; lastKnownFileType = sourcecode.swift; path = DeviceMotion.swift; sourceTree = "<group>"; };
		4C32B1262434DB8500A4120F /* ItemRow.swift */ = {isa = PBXFileReference; lastKnownFileType = sourcecode.swift; path = ItemRow.swift; sourceTree = "<group>"; };
		4C32B12A2434F2D500A4120F /* CMLogItem+Date.swift */ = {isa = PBXFileReference; lastKnownFileType = sourcecode.swift; path = "CMLogItem+Date.swift"; sourceTree = "<group>"; };
		4C7979AE243E06B200B8460D /* LineChart.swift */ = {isa = PBXFileReference; lastKnownFileType = sourcecode.swift; path = LineChart.swift; sourceTree = "<group>"; };
		4C7979B2243ED33200B8460D /* SampleDetailView.swift */ = {isa = PBXFileReference; lastKnownFileType = sourcecode.swift; path = SampleDetailView.swift; sourceTree = "<group>"; };
		4C8EE924247CF55B00E4E2CE /* Preview Images */ = {isa = PBXFileReference; lastKnownFileType = folder; path = "Preview Images"; sourceTree = "<group>"; };
		4CA9C45A243626ED006E8F3B /* SampleRow.swift */ = {isa = PBXFileReference; lastKnownFileType = sourcecode.swift; path = SampleRow.swift; sourceTree = "<group>"; };
		4CA9C45C24362A64006E8F3B /* MotionDataSample+PreviewSamples.swift */ = {isa = PBXFileReference; lastKnownFileType = sourcecode.swift; path = "MotionDataSample+PreviewSamples.swift"; sourceTree = "<group>"; };
		4CB205C624376A8A0065C6E3 /* ShareSampleActivityView.swift */ = {isa = PBXFileReference; lastKnownFileType = sourcecode.swift; path = ShareSampleActivityView.swift; sourceTree = "<group>"; };
		4CB205C824376CDF0065C6E3 /* FileManager+.swift */ = {isa = PBXFileReference; lastKnownFileType = sourcecode.swift; path = "FileManager+.swift"; sourceTree = "<group>"; };
		4CC980332430767400B36A7F /* Motif.app */ = {isa = PBXFileReference; explicitFileType = wrapper.application; includeInIndex = 0; path = Motif.app; sourceTree = BUILT_PRODUCTS_DIR; };
		4CC980362430767400B36A7F /* AppDelegate.swift */ = {isa = PBXFileReference; lastKnownFileType = sourcecode.swift; path = AppDelegate.swift; sourceTree = "<group>"; };
		4CC980382430767400B36A7F /* SceneDelegate.swift */ = {isa = PBXFileReference; lastKnownFileType = sourcecode.swift; path = SceneDelegate.swift; sourceTree = "<group>"; };
		4CC9803C2430767600B36A7F /* Assets.xcassets */ = {isa = PBXFileReference; lastKnownFileType = folder.assetcatalog; path = Assets.xcassets; sourceTree = "<group>"; };
		4CC9803F2430767600B36A7F /* Preview Assets.xcassets */ = {isa = PBXFileReference; lastKnownFileType = folder.assetcatalog; path = "Preview Assets.xcassets"; sourceTree = "<group>"; };
		4CC980422430767600B36A7F /* Base */ = {isa = PBXFileReference; lastKnownFileType = file.storyboard; name = Base; path = Base.lproj/LaunchScreen.storyboard; sourceTree = "<group>"; };
		4CC980442430767600B36A7F /* Info.plist */ = {isa = PBXFileReference; lastKnownFileType = text.plist.xml; path = Info.plist; sourceTree = "<group>"; };
		4CC980492430767700B36A7F /* MotifTests.xctest */ = {isa = PBXFileReference; explicitFileType = wrapper.cfbundle; includeInIndex = 0; path = MotifTests.xctest; sourceTree = BUILT_PRODUCTS_DIR; };
		4CC9804D2430767700B36A7F /* MotifTests.swift */ = {isa = PBXFileReference; lastKnownFileType = sourcecode.swift; path = MotifTests.swift; sourceTree = "<group>"; };
		4CC9804F2430767700B36A7F /* Info.plist */ = {isa = PBXFileReference; lastKnownFileType = text.plist.xml; path = Info.plist; sourceTree = "<group>"; };
		4CC980542430767700B36A7F /* MotifUITests.xctest */ = {isa = PBXFileReference; explicitFileType = wrapper.cfbundle; includeInIndex = 0; path = MotifUITests.xctest; sourceTree = BUILT_PRODUCTS_DIR; };
		4CC980582430767700B36A7F /* MotifUITests.swift */ = {isa = PBXFileReference; lastKnownFileType = sourcecode.swift; path = MotifUITests.swift; sourceTree = "<group>"; };
		4CC9805A2430767700B36A7F /* Info.plist */ = {isa = PBXFileReference; lastKnownFileType = text.plist.xml; path = Info.plist; sourceTree = "<group>"; };
		4CC980672430782700B36A7F /* Home.swift */ = {isa = PBXFileReference; lastKnownFileType = sourcecode.swift; path = Home.swift; sourceTree = "<group>"; };
		4CC980692430C87500B36A7F /* RecorderView.swift */ = {isa = PBXFileReference; lastKnownFileType = sourcecode.swift; path = RecorderView.swift; sourceTree = "<group>"; };
		4CC9806B2430E30A00B36A7F /* SampleListView.swift */ = {isa = PBXFileReference; lastKnownFileType = sourcecode.swift; path = SampleListView.swift; sourceTree = "<group>"; };
		4CCFB667243222EE00E90C80 /* CSVContainer.swift */ = {isa = PBXFileReference; lastKnownFileType = sourcecode.swift; path = CSVContainer.swift; sourceTree = "<group>"; };
		4CD279392435CC0A0037E529 /* MotionDataSample.swift */ = {isa = PBXFileReference; lastKnownFileType = sourcecode.swift; path = MotionDataSample.swift; sourceTree = "<group>"; };
		4CD2793B2435CF210037E529 /* UIDevice+Model.swift */ = {isa = PBXFileReference; lastKnownFileType = sourcecode.swift; path = "UIDevice+Model.swift"; sourceTree = "<group>"; };
		4CD2793D2435F34D0037E529 /* AccelerometerData.swift */ = {isa = PBXFileReference; lastKnownFileType = sourcecode.swift; path = AccelerometerData.swift; sourceTree = "<group>"; };
		4CD57F0E2434B8C50007C963 /* Recorder.swift */ = {isa = PBXFileReference; lastKnownFileType = sourcecode.swift; path = Recorder.swift; sourceTree = "<group>"; };
		4CE0CBB02434D4DA00494CD8 /* MotionDataEntry.swift */ = {isa = PBXFileReference; lastKnownFileType = sourcecode.swift; path = MotionDataEntry.swift; sourceTree = "<group>"; };
/* End PBXFileReference section */

/* Begin PBXFrameworksBuildPhase section */
		4CC980302430767400B36A7F /* Frameworks */ = {
			isa = PBXFrameworksBuildPhase;
			buildActionMask = 2147483647;
			files = (
			);
			runOnlyForDeploymentPostprocessing = 0;
		};
		4CC980462430767700B36A7F /* Frameworks */ = {
			isa = PBXFrameworksBuildPhase;
			buildActionMask = 2147483647;
			files = (
			);
			runOnlyForDeploymentPostprocessing = 0;
		};
		4CC980512430767700B36A7F /* Frameworks */ = {
			isa = PBXFrameworksBuildPhase;
			buildActionMask = 2147483647;
			files = (
			);
			runOnlyForDeploymentPostprocessing = 0;
		};
/* End PBXFrameworksBuildPhase section */

/* Begin PBXGroup section */
		4C103AF024360E35004FCBC3 /* Extension */ = {
			isa = PBXGroup;
			children = (
				4CD2793B2435CF210037E529 /* UIDevice+Model.swift */,
				4C32B12A2434F2D500A4120F /* CMLogItem+Date.swift */,
				4CB205C824376CDF0065C6E3 /* FileManager+.swift */,
			);
			path = Extension;
			sourceTree = "<group>";
		};
		4CA9C45924362654006E8F3B /* View */ = {
			isa = PBXGroup;
			children = (
				4CC980672430782700B36A7F /* Home.swift */,
				4CA9C45E24363008006E8F3B /* Recorder View */,
				4CA9C45F24363017006E8F3B /* Sample List View */,
				4C32B1262434DB8500A4120F /* ItemRow.swift */,
			);
			path = View;
			sourceTree = "<group>";
		};
		4CA9C45E24363008006E8F3B /* Recorder View */ = {
			isa = PBXGroup;
			children = (
				4CC980692430C87500B36A7F /* RecorderView.swift */,
			);
			path = "Recorder View";
			sourceTree = "<group>";
		};
		4CA9C45F24363017006E8F3B /* Sample List View */ = {
			isa = PBXGroup;
			children = (
				4CC9806B2430E30A00B36A7F /* SampleListView.swift */,
				4CA9C45A243626ED006E8F3B /* SampleRow.swift */,
				4C7979B2243ED33200B8460D /* SampleDetailView.swift */,
				4C7979AE243E06B200B8460D /* LineChart.swift */,
				4CB205C624376A8A0065C6E3 /* ShareSampleActivityView.swift */,
			);
			path = "Sample List View";
			sourceTree = "<group>";
		};
		4CC9802A2430767400B36A7F = {
			isa = PBXGroup;
			children = (
				4C8EE924247CF55B00E4E2CE /* Preview Images */,
				4CC980352430767400B36A7F /* Motif */,
				4CC9804C2430767700B36A7F /* MotifTests */,
				4CC980572430767700B36A7F /* MotifUITests */,
				4CC980342430767400B36A7F /* Products */,
			);
			sourceTree = "<group>";
		};
		4CC980342430767400B36A7F /* Products */ = {
			isa = PBXGroup;
			children = (
				4CC980332430767400B36A7F /* Motif.app */,
				4CC980492430767700B36A7F /* MotifTests.xctest */,
				4CC980542430767700B36A7F /* MotifUITests.xctest */,
			);
			name = Products;
			sourceTree = "<group>";
		};
		4CC980352430767400B36A7F /* Motif */ = {
			isa = PBXGroup;
			children = (
				4CC980362430767400B36A7F /* AppDelegate.swift */,
				4CC980382430767400B36A7F /* SceneDelegate.swift */,
				4CC980662430781300B36A7F /* Model */,
				4CA9C45924362654006E8F3B /* View */,
				4CC9803C2430767600B36A7F /* Assets.xcassets */,
				4CC980412430767600B36A7F /* LaunchScreen.storyboard */,
				4CC980442430767600B36A7F /* Info.plist */,
				4CC9803E2430767600B36A7F /* Preview Content */,
			);
			path = Motif;
			sourceTree = "<group>";
		};
		4CC9803E2430767600B36A7F /* Preview Content */ = {
			isa = PBXGroup;
			children = (
				4CC9803F2430767600B36A7F /* Preview Assets.xcassets */,
				4CA9C45C24362A64006E8F3B /* MotionDataSample+PreviewSamples.swift */,
			);
			path = "Preview Content";
			sourceTree = "<group>";
		};
		4CC9804C2430767700B36A7F /* MotifTests */ = {
			isa = PBXGroup;
			children = (
				4CC9804D2430767700B36A7F /* MotifTests.swift */,
				4CC9804F2430767700B36A7F /* Info.plist */,
			);
			path = MotifTests;
			sourceTree = "<group>";
		};
		4CC980572430767700B36A7F /* MotifUITests */ = {
			isa = PBXGroup;
			children = (
				4CC980582430767700B36A7F /* MotifUITests.swift */,
				4CC9805A2430767700B36A7F /* Info.plist */,
			);
			path = MotifUITests;
			sourceTree = "<group>";
		};
		4CC980662430781300B36A7F /* Model */ = {
			isa = PBXGroup;
			children = (
				4CD57F0E2434B8C50007C963 /* Recorder.swift */,
				4CD279392435CC0A0037E529 /* MotionDataSample.swift */,
				4CE0CBB02434D4DA00494CD8 /* MotionDataEntry.swift */,
				4CCFB667243222EE00E90C80 /* CSVContainer.swift */,
				4CD2793F2435F3BA0037E529 /* Wrapper */,
				4C103AF024360E35004FCBC3 /* Extension */,
			);
			path = Model;
			sourceTree = "<group>";
		};
		4CD2793F2435F3BA0037E529 /* Wrapper */ = {
			isa = PBXGroup;
			children = (
				4CD2793D2435F34D0037E529 /* AccelerometerData.swift */,
				4C103AEA2435F501004FCBC3 /* GyroData.swift */,
				4C103AEC2435F52E004FCBC3 /* MagnetometerData.swift */,
				4C103AEE243606B1004FCBC3 /* DeviceMotion.swift */,
			);
			path = Wrapper;
			sourceTree = "<group>";
		};
/* End PBXGroup section */

/* Begin PBXNativeTarget section */
		4CC980322430767400B36A7F /* Motif */ = {
			isa = PBXNativeTarget;
			buildConfigurationList = 4CC9805D2430767700B36A7F /* Build configuration list for PBXNativeTarget "Motif" */;
			buildPhases = (
				4CC9802F2430767400B36A7F /* Sources */,
				4CC980302430767400B36A7F /* Frameworks */,
				4CC980312430767400B36A7F /* Resources */,
			);
			buildRules = (
			);
			dependencies = (
			);
			name = Motif;
			productName = Motif;
			productReference = 4CC980332430767400B36A7F /* Motif.app */;
			productType = "com.apple.product-type.application";
		};
		4CC980482430767700B36A7F /* MotifTests */ = {
			isa = PBXNativeTarget;
			buildConfigurationList = 4CC980602430767700B36A7F /* Build configuration list for PBXNativeTarget "MotifTests" */;
			buildPhases = (
				4CC980452430767700B36A7F /* Sources */,
				4CC980462430767700B36A7F /* Frameworks */,
				4CC980472430767700B36A7F /* Resources */,
			);
			buildRules = (
			);
			dependencies = (
				4CC9804B2430767700B36A7F /* PBXTargetDependency */,
			);
			name = MotifTests;
			productName = MotifTests;
			productReference = 4CC980492430767700B36A7F /* MotifTests.xctest */;
			productType = "com.apple.product-type.bundle.unit-test";
		};
		4CC980532430767700B36A7F /* MotifUITests */ = {
			isa = PBXNativeTarget;
			buildConfigurationList = 4CC980632430767700B36A7F /* Build configuration list for PBXNativeTarget "MotifUITests" */;
			buildPhases = (
				4CC980502430767700B36A7F /* Sources */,
				4CC980512430767700B36A7F /* Frameworks */,
				4CC980522430767700B36A7F /* Resources */,
			);
			buildRules = (
			);
			dependencies = (
				4CC980562430767700B36A7F /* PBXTargetDependency */,
			);
			name = MotifUITests;
			productName = MotifUITests;
			productReference = 4CC980542430767700B36A7F /* MotifUITests.xctest */;
			productType = "com.apple.product-type.bundle.ui-testing";
		};
/* End PBXNativeTarget section */

/* Begin PBXProject section */
		4CC9802B2430767400B36A7F /* Project object */ = {
			isa = PBXProject;
			attributes = {
				LastSwiftUpdateCheck = 1130;
				LastUpgradeCheck = 1130;
				ORGANIZATIONNAME = "PAN Weiheng";
				TargetAttributes = {
					4CC980322430767400B36A7F = {
						CreatedOnToolsVersion = 11.3.1;
					};
					4CC980482430767700B36A7F = {
						CreatedOnToolsVersion = 11.3.1;
						TestTargetID = 4CC980322430767400B36A7F;
					};
					4CC980532430767700B36A7F = {
						CreatedOnToolsVersion = 11.3.1;
						TestTargetID = 4CC980322430767400B36A7F;
					};
				};
			};
			buildConfigurationList = 4CC9802E2430767400B36A7F /* Build configuration list for PBXProject "Motif" */;
			compatibilityVersion = "Xcode 9.3";
			developmentRegion = en;
			hasScannedForEncodings = 0;
			knownRegions = (
				en,
				Base,
			);
			mainGroup = 4CC9802A2430767400B36A7F;
			productRefGroup = 4CC980342430767400B36A7F /* Products */;
			projectDirPath = "";
			projectRoot = "";
			targets = (
				4CC980322430767400B36A7F /* Motif */,
				4CC980482430767700B36A7F /* MotifTests */,
				4CC980532430767700B36A7F /* MotifUITests */,
			);
		};
/* End PBXProject section */

/* Begin PBXResourcesBuildPhase section */
		4CC980312430767400B36A7F /* Resources */ = {
			isa = PBXResourcesBuildPhase;
			buildActionMask = 2147483647;
			files = (
				4CC980432430767600B36A7F /* LaunchScreen.storyboard in Resources */,
				4CC980402430767600B36A7F /* Preview Assets.xcassets in Resources */,
				4C8EE925247CF55B00E4E2CE /* Preview Images in Resources */,
				4CC9803D2430767600B36A7F /* Assets.xcassets in Resources */,
			);
			runOnlyForDeploymentPostprocessing = 0;
		};
		4CC980472430767700B36A7F /* Resources */ = {
			isa = PBXResourcesBuildPhase;
			buildActionMask = 2147483647;
			files = (
			);
			runOnlyForDeploymentPostprocessing = 0;
		};
		4CC980522430767700B36A7F /* Resources */ = {
			isa = PBXResourcesBuildPhase;
			buildActionMask = 2147483647;
			files = (
			);
			runOnlyForDeploymentPostprocessing = 0;
		};
/* End PBXResourcesBuildPhase section */

/* Begin PBXSourcesBuildPhase section */
		4CC9802F2430767400B36A7F /* Sources */ = {
			isa = PBXSourcesBuildPhase;
			buildActionMask = 2147483647;
			files = (
				4CA9C45D24362A64006E8F3B /* MotionDataSample+PreviewSamples.swift in Sources */,
				4CA9C45B243626ED006E8F3B /* SampleRow.swift in Sources */,
				4CCFB668243222EE00E90C80 /* CSVContainer.swift in Sources */,
				4CB205C924376CDF0065C6E3 /* FileManager+.swift in Sources */,
				4CC980372430767400B36A7F /* AppDelegate.swift in Sources */,
				4CC9806C2430E30A00B36A7F /* SampleListView.swift in Sources */,
				4C103AEF243606B1004FCBC3 /* DeviceMotion.swift in Sources */,
				4CE0CBB12434D4DA00494CD8 /* MotionDataEntry.swift in Sources */,
				4C103AEB2435F501004FCBC3 /* GyroData.swift in Sources */,
				4CD2793E2435F34D0037E529 /* AccelerometerData.swift in Sources */,
				4CC980392430767400B36A7F /* SceneDelegate.swift in Sources */,
				4C7979AF243E06B200B8460D /* LineChart.swift in Sources */,
				4C7979B3243ED33200B8460D /* SampleDetailView.swift in Sources */,
				4C32B12B2434F2D500A4120F /* CMLogItem+Date.swift in Sources */,
				4CC9806A2430C87500B36A7F /* RecorderView.swift in Sources */,
				4CB205C724376A8A0065C6E3 /* ShareSampleActivityView.swift in Sources */,
				4CD57F0F2434B8C50007C963 /* Recorder.swift in Sources */,
				4CD2793A2435CC0A0037E529 /* MotionDataSample.swift in Sources */,
				4CD2793C2435CF210037E529 /* UIDevice+Model.swift in Sources */,
				4CC980682430782700B36A7F /* Home.swift in Sources */,
				4C32B1272434DB8500A4120F /* ItemRow.swift in Sources */,
				4C103AED2435F52E004FCBC3 /* MagnetometerData.swift in Sources */,
			);
			runOnlyForDeploymentPostprocessing = 0;
		};
		4CC980452430767700B36A7F /* Sources */ = {
			isa = PBXSourcesBuildPhase;
			buildActionMask = 2147483647;
			files = (
				4CC9804E2430767700B36A7F /* MotifTests.swift in Sources */,
			);
			runOnlyForDeploymentPostprocessing = 0;
		};
		4CC980502430767700B36A7F /* Sources */ = {
			isa = PBXSourcesBuildPhase;
			buildActionMask = 2147483647;
			files = (
				4CC980592430767700B36A7F /* MotifUITests.swift in Sources */,
			);
			runOnlyForDeploymentPostprocessing = 0;
		};
/* End PBXSourcesBuildPhase section */

/* Begin PBXTargetDependency section */
		4CC9804B2430767700B36A7F /* PBXTargetDependency */ = {
			isa = PBXTargetDependency;
			target = 4CC980322430767400B36A7F /* Motif */;
			targetProxy = 4CC9804A2430767700B36A7F /* PBXContainerItemProxy */;
		};
		4CC980562430767700B36A7F /* PBXTargetDependency */ = {
			isa = PBXTargetDependency;
			target = 4CC980322430767400B36A7F /* Motif */;
			targetProxy = 4CC980552430767700B36A7F /* PBXContainerItemProxy */;
		};
/* End PBXTargetDependency section */

/* Begin PBXVariantGroup section */
		4CC980412430767600B36A7F /* LaunchScreen.storyboard */ = {
			isa = PBXVariantGroup;
			children = (
				4CC980422430767600B36A7F /* Base */,
			);
			name = LaunchScreen.storyboard;
			sourceTree = "<group>";
		};
/* End PBXVariantGroup section */

/* Begin XCBuildConfiguration section */
		4CC9805B2430767700B36A7F /* Debug */ = {
			isa = XCBuildConfiguration;
			buildSettings = {
				ALWAYS_SEARCH_USER_PATHS = NO;
				CLANG_ANALYZER_NONNULL = YES;
				CLANG_ANALYZER_NUMBER_OBJECT_CONVERSION = YES_AGGRESSIVE;
				CLANG_CXX_LANGUAGE_STANDARD = "gnu++14";
				CLANG_CXX_LIBRARY = "libc++";
				CLANG_ENABLE_MODULES = YES;
				CLANG_ENABLE_OBJC_ARC = YES;
				CLANG_ENABLE_OBJC_WEAK = YES;
				CLANG_WARN_BLOCK_CAPTURE_AUTORELEASING = YES;
				CLANG_WARN_BOOL_CONVERSION = YES;
				CLANG_WARN_COMMA = YES;
				CLANG_WARN_CONSTANT_CONVERSION = YES;
				CLANG_WARN_DEPRECATED_OBJC_IMPLEMENTATIONS = YES;
				CLANG_WARN_DIRECT_OBJC_ISA_USAGE = YES_ERROR;
				CLANG_WARN_DOCUMENTATION_COMMENTS = YES;
				CLANG_WARN_EMPTY_BODY = YES;
				CLANG_WARN_ENUM_CONVERSION = YES;
				CLANG_WARN_INFINITE_RECURSION = YES;
				CLANG_WARN_INT_CONVERSION = YES;
				CLANG_WARN_NON_LITERAL_NULL_CONVERSION = YES;
				CLANG_WARN_OBJC_IMPLICIT_RETAIN_SELF = YES;
				CLANG_WARN_OBJC_LITERAL_CONVERSION = YES;
				CLANG_WARN_OBJC_ROOT_CLASS = YES_ERROR;
				CLANG_WARN_RANGE_LOOP_ANALYSIS = YES;
				CLANG_WARN_STRICT_PROTOTYPES = YES;
				CLANG_WARN_SUSPICIOUS_MOVE = YES;
				CLANG_WARN_UNGUARDED_AVAILABILITY = YES_AGGRESSIVE;
				CLANG_WARN_UNREACHABLE_CODE = YES;
				CLANG_WARN__DUPLICATE_METHOD_MATCH = YES;
				COPY_PHASE_STRIP = NO;
				DEBUG_INFORMATION_FORMAT = dwarf;
				ENABLE_STRICT_OBJC_MSGSEND = YES;
				ENABLE_TESTABILITY = YES;
				GCC_C_LANGUAGE_STANDARD = gnu11;
				GCC_DYNAMIC_NO_PIC = NO;
				GCC_NO_COMMON_BLOCKS = YES;
				GCC_OPTIMIZATION_LEVEL = 0;
				GCC_PREPROCESSOR_DEFINITIONS = (
					"DEBUG=1",
					"$(inherited)",
				);
				GCC_WARN_64_TO_32_BIT_CONVERSION = YES;
				GCC_WARN_ABOUT_RETURN_TYPE = YES_ERROR;
				GCC_WARN_UNDECLARED_SELECTOR = YES;
				GCC_WARN_UNINITIALIZED_AUTOS = YES_AGGRESSIVE;
				GCC_WARN_UNUSED_FUNCTION = YES;
				GCC_WARN_UNUSED_VARIABLE = YES;
				IPHONEOS_DEPLOYMENT_TARGET = 13.2;
				MTL_ENABLE_DEBUG_INFO = INCLUDE_SOURCE;
				MTL_FAST_MATH = YES;
				ONLY_ACTIVE_ARCH = YES;
				SDKROOT = iphoneos;
				SWIFT_ACTIVE_COMPILATION_CONDITIONS = DEBUG;
				SWIFT_OPTIMIZATION_LEVEL = "-Onone";
			};
			name = Debug;
		};
		4CC9805C2430767700B36A7F /* Release */ = {
			isa = XCBuildConfiguration;
			buildSettings = {
				ALWAYS_SEARCH_USER_PATHS = NO;
				CLANG_ANALYZER_NONNULL = YES;
				CLANG_ANALYZER_NUMBER_OBJECT_CONVERSION = YES_AGGRESSIVE;
				CLANG_CXX_LANGUAGE_STANDARD = "gnu++14";
				CLANG_CXX_LIBRARY = "libc++";
				CLANG_ENABLE_MODULES = YES;
				CLANG_ENABLE_OBJC_ARC = YES;
				CLANG_ENABLE_OBJC_WEAK = YES;
				CLANG_WARN_BLOCK_CAPTURE_AUTORELEASING = YES;
				CLANG_WARN_BOOL_CONVERSION = YES;
				CLANG_WARN_COMMA = YES;
				CLANG_WARN_CONSTANT_CONVERSION = YES;
				CLANG_WARN_DEPRECATED_OBJC_IMPLEMENTATIONS = YES;
				CLANG_WARN_DIRECT_OBJC_ISA_USAGE = YES_ERROR;
				CLANG_WARN_DOCUMENTATION_COMMENTS = YES;
				CLANG_WARN_EMPTY_BODY = YES;
				CLANG_WARN_ENUM_CONVERSION = YES;
				CLANG_WARN_INFINITE_RECURSION = YES;
				CLANG_WARN_INT_CONVERSION = YES;
				CLANG_WARN_NON_LITERAL_NULL_CONVERSION = YES;
				CLANG_WARN_OBJC_IMPLICIT_RETAIN_SELF = YES;
				CLANG_WARN_OBJC_LITERAL_CONVERSION = YES;
				CLANG_WARN_OBJC_ROOT_CLASS = YES_ERROR;
				CLANG_WARN_RANGE_LOOP_ANALYSIS = YES;
				CLANG_WARN_STRICT_PROTOTYPES = YES;
				CLANG_WARN_SUSPICIOUS_MOVE = YES;
				CLANG_WARN_UNGUARDED_AVAILABILITY = YES_AGGRESSIVE;
				CLANG_WARN_UNREACHABLE_CODE = YES;
				CLANG_WARN__DUPLICATE_METHOD_MATCH = YES;
				COPY_PHASE_STRIP = NO;
				DEBUG_INFORMATION_FORMAT = "dwarf-with-dsym";
				ENABLE_NS_ASSERTIONS = NO;
				ENABLE_STRICT_OBJC_MSGSEND = YES;
				GCC_C_LANGUAGE_STANDARD = gnu11;
				GCC_NO_COMMON_BLOCKS = YES;
				GCC_WARN_64_TO_32_BIT_CONVERSION = YES;
				GCC_WARN_ABOUT_RETURN_TYPE = YES_ERROR;
				GCC_WARN_UNDECLARED_SELECTOR = YES;
				GCC_WARN_UNINITIALIZED_AUTOS = YES_AGGRESSIVE;
				GCC_WARN_UNUSED_FUNCTION = YES;
				GCC_WARN_UNUSED_VARIABLE = YES;
				IPHONEOS_DEPLOYMENT_TARGET = 13.2;
				MTL_ENABLE_DEBUG_INFO = NO;
				MTL_FAST_MATH = YES;
				SDKROOT = iphoneos;
				SWIFT_COMPILATION_MODE = wholemodule;
				SWIFT_OPTIMIZATION_LEVEL = "-O";
				VALIDATE_PRODUCT = YES;
			};
			name = Release;
		};
		4CC9805E2430767700B36A7F /* Debug */ = {
			isa = XCBuildConfiguration;
			buildSettings = {
				ASSETCATALOG_COMPILER_APPICON_NAME = AppIcon;
				CODE_SIGN_STYLE = Automatic;
				DEVELOPMENT_ASSET_PATHS = "\"Motif/Preview Content\"";
				DEVELOPMENT_TEAM = S28872AG34;
				ENABLE_PREVIEWS = YES;
				INFOPLIST_FILE = Motif/Info.plist;
				LD_RUNPATH_SEARCH_PATHS = (
					"$(inherited)",
					"@executable_path/Frameworks",
				);
				PRODUCT_BUNDLE_IDENTIFIER = com.emus.Motif;
				PRODUCT_NAME = "$(TARGET_NAME)";
				SWIFT_VERSION = 5.0;
				TARGETED_DEVICE_FAMILY = "1,2";
			};
			name = Debug;
		};
		4CC9805F2430767700B36A7F /* Release */ = {
			isa = XCBuildConfiguration;
			buildSettings = {
				ASSETCATALOG_COMPILER_APPICON_NAME = AppIcon;
				CODE_SIGN_STYLE = Automatic;
				DEVELOPMENT_ASSET_PATHS = "\"Motif/Preview Content\"";
				DEVELOPMENT_TEAM = S28872AG34;
				ENABLE_PREVIEWS = YES;
				INFOPLIST_FILE = Motif/Info.plist;
				LD_RUNPATH_SEARCH_PATHS = (
					"$(inherited)",
					"@executable_path/Frameworks",
				);
				PRODUCT_BUNDLE_IDENTIFIER = com.emus.Motif;
				PRODUCT_NAME = "$(TARGET_NAME)";
				SWIFT_VERSION = 5.0;
				TARGETED_DEVICE_FAMILY = "1,2";
			};
			name = Release;
		};
		4CC980612430767700B36A7F /* Debug */ = {
			isa = XCBuildConfiguration;
			buildSettings = {
				ALWAYS_EMBED_SWIFT_STANDARD_LIBRARIES = YES;
				BUNDLE_LOADER = "$(TEST_HOST)";
				CODE_SIGN_STYLE = Automatic;
				DEVELOPMENT_TEAM = S28872AG34;
				INFOPLIST_FILE = MotifTests/Info.plist;
				IPHONEOS_DEPLOYMENT_TARGET = 13.2;
				LD_RUNPATH_SEARCH_PATHS = (
					"$(inherited)",
					"@executable_path/Frameworks",
					"@loader_path/Frameworks",
				);
				PRODUCT_BUNDLE_IDENTIFIER = com.emus.MotifTests;
				PRODUCT_NAME = "$(TARGET_NAME)";
				SWIFT_VERSION = 5.0;
				TARGETED_DEVICE_FAMILY = "1,2";
				TEST_HOST = "$(BUILT_PRODUCTS_DIR)/Motif.app/Motif";
			};
			name = Debug;
		};
		4CC980622430767700B36A7F /* Release */ = {
			isa = XCBuildConfiguration;
			buildSettings = {
				ALWAYS_EMBED_SWIFT_STANDARD_LIBRARIES = YES;
				BUNDLE_LOADER = "$(TEST_HOST)";
				CODE_SIGN_STYLE = Automatic;
				DEVELOPMENT_TEAM = S28872AG34;
				INFOPLIST_FILE = MotifTests/Info.plist;
				IPHONEOS_DEPLOYMENT_TARGET = 13.2;
				LD_RUNPATH_SEARCH_PATHS = (
					"$(inherited)",
					"@executable_path/Frameworks",
					"@loader_path/Frameworks",
				);
				PRODUCT_BUNDLE_IDENTIFIER = com.emus.MotifTests;
				PRODUCT_NAME = "$(TARGET_NAME)";
				SWIFT_VERSION = 5.0;
				TARGETED_DEVICE_FAMILY = "1,2";
				TEST_HOST = "$(BUILT_PRODUCTS_DIR)/Motif.app/Motif";
			};
			name = Release;
		};
		4CC980642430767700B36A7F /* Debug */ = {
			isa = XCBuildConfiguration;
			buildSettings = {
				ALWAYS_EMBED_SWIFT_STANDARD_LIBRARIES = YES;
				CODE_SIGN_STYLE = Automatic;
				DEVELOPMENT_TEAM = S28872AG34;
				INFOPLIST_FILE = MotifUITests/Info.plist;
				LD_RUNPATH_SEARCH_PATHS = (
					"$(inherited)",
					"@executable_path/Frameworks",
					"@loader_path/Frameworks",
				);
				PRODUCT_BUNDLE_IDENTIFIER = com.emus.MotifUITests;
				PRODUCT_NAME = "$(TARGET_NAME)";
				SWIFT_VERSION = 5.0;
				TARGETED_DEVICE_FAMILY = "1,2";
				TEST_TARGET_NAME = Motif;
			};
			name = Debug;
		};
		4CC980652430767700B36A7F /* Release */ = {
			isa = XCBuildConfiguration;
			buildSettings = {
				ALWAYS_EMBED_SWIFT_STANDARD_LIBRARIES = YES;
				CODE_SIGN_STYLE = Automatic;
				DEVELOPMENT_TEAM = S28872AG34;
				INFOPLIST_FILE = MotifUITests/Info.plist;
				LD_RUNPATH_SEARCH_PATHS = (
					"$(inherited)",
					"@executable_path/Frameworks",
					"@loader_path/Frameworks",
				);
				PRODUCT_BUNDLE_IDENTIFIER = com.emus.MotifUITests;
				PRODUCT_NAME = "$(TARGET_NAME)";
				SWIFT_VERSION = 5.0;
				TARGETED_DEVICE_FAMILY = "1,2";
				TEST_TARGET_NAME = Motif;
			};
			name = Release;
		};
/* End XCBuildConfiguration section */

/* Begin XCConfigurationList section */
		4CC9802E2430767400B36A7F /* Build configuration list for PBXProject "Motif" */ = {
			isa = XCConfigurationList;
			buildConfigurations = (
				4CC9805B2430767700B36A7F /* Debug */,
				4CC9805C2430767700B36A7F /* Release */,
			);
			defaultConfigurationIsVisible = 0;
			defaultConfigurationName = Release;
		};
		4CC9805D2430767700B36A7F /* Build configuration list for PBXNativeTarget "Motif" */ = {
			isa = XCConfigurationList;
			buildConfigurations = (
				4CC9805E2430767700B36A7F /* Debug */,
				4CC9805F2430767700B36A7F /* Release */,
			);
			defaultConfigurationIsVisible = 0;
			defaultConfigurationName = Release;
		};
		4CC980602430767700B36A7F /* Build configuration list for PBXNativeTarget "MotifTests" */ = {
			isa = XCConfigurationList;
			buildConfigurations = (
				4CC980612430767700B36A7F /* Debug */,
				4CC980622430767700B36A7F /* Release */,
			);
			defaultConfigurationIsVisible = 0;
			defaultConfigurationName = Release;
		};
		4CC980632430767700B36A7F /* Build configuration list for PBXNativeTarget "MotifUITests" */ = {
			isa = XCConfigurationList;
			buildConfigurations = (
				4CC980642430767700B36A7F /* Debug */,
				4CC980652430767700B36A7F /* Release */,
			);
			defaultConfigurationIsVisible = 0;
			defaultConfigurationName = Release;
		};
/* End XCConfigurationList section */
	};
	rootObject = 4CC9802B2430767400B36A7F /* Project object */;
}
